
Microsoft Visual Studio Solution File, Format Version 12.00
# Visual Studio 14
VisualStudioVersion = 14.0.23107.0
MinimumVisualStudioVersion = 10.0.40219.1
Project("{FAE04EC0-301F-11D3-BF4B-00C04F79EFBC}") = "Math", "Verse\Math.csproj", "{CC873C67-7370-49A1-BCB2-3CB9873974BA}"
EndProject
Global
	GlobalSection(SolutionConfigurationPlatforms) = preSolution
		Debug|Any CPU = Debug|Any CPU
		Release|Any CPU = Release|Any CPU
	EndGlobalSection
	GlobalSection(ProjectConfigurationPlatforms) = postSolution
		{CC873C67-7370-49A1-BCB2-3CB9873974BA}.Debug|Any CPU.ActiveCfg = Debug|Any CPU
		{CC873C67-7370-49A1-BCB2-3CB9873974BA}.Debug|Any CPU.Build.0 = Debug|Any CPU
		{CC873C67-7370-49A1-BCB2-3CB9873974BA}.Release|Any CPU.ActiveCfg = Release|Any CPU
		{CC873C67-7370-49A1-BCB2-3CB9873974BA}.Release|Any CPU.Build.0 = Release|Any CPU
	EndGlobalSection
	GlobalSection(SolutionProperties) = preSolution
		HideSolutionNode = FALSE
	EndGlobalSection
EndGlobal
